{
    "_meta": {
        "hash": {
            "sha256": "dedee9bb9ca95016c471cc56a2f77260bb228ef52096da85af0125312b5ea857"
        },
        "pipfile-spec": 6,
        "requires": {
            "python_version": "3.8"
        },
        "sources": [
            {
                "name": "pypi",
                "url": "https://pypi.org/simple",
                "verify_ssl": true
            }
        ]
    },
    "default": {
        "blis": {
            "hashes": [
                "sha256:168fd7bd763ebe529aa25a066d3a6b89f4c3f492f6297f881df6942741b95787",
                "sha256:4222bbc7b9c47bc3cf6f36f2241862c1512ca7ebac3828267a2e05ef6c47fc54",
                "sha256:445e4838b809e99677f5c0982fb9af320f0d91328fb28c8097e5f1173c4df9d6",
                "sha256:5b403deb2ad5515e1edb3c0867bccb5b974b461f24283d9219a3a761fd6dacc6",
                "sha256:5c1a2023f7d8431daa8d87d32f539bb23e1a009500c37f9eba0ac7b3f20f73eb",
                "sha256:5ecddc4c6daf80558154b091db0a9839bb15dbe65d2906a543a73b93fbce4f73",
                "sha256:6814991b3e3193db4f9b2417174c6f24b9c0197409d864fa7628583bd2df1f0f",
                "sha256:78a8e0ee72a42c3b2f5b9114500a781119995f76fa6c21d4b02c6fb9c21df2cc",
                "sha256:7daa615a97d4f28db0f332b710bfe1900b15d0c25841c6d727965e4fd91e09cf",
                "sha256:94890b2296f1449baa56aede46627ea7fc8de11c788f9c261ee38c2eb4a2cc7d",
                "sha256:9f9b829480c12fc834549306821e5c51cb28b216ca5f88c5b2cfedbeb9daf67d",
                "sha256:c2d8064217c326dd9a0dcbae294ffe8557263e2a00d76101ffa222b9c9d9c62d",
                "sha256:d717b5dea407aac89a646908e7d9849105abab9c88a539c120518c200f899f4e"
            ],
            "version": "==0.7.4"
        },
        "boltons": {
            "hashes": [
                "sha256:3dd8a8e3c1886e7f7ba3422b50f55a66e1700161bf01b919d098e7d96dd2d9b6",
                "sha256:dd362291a460cc1e0c2e91cc6a60da3036ced77099b623112e8f833e6734bdc5"
            ],
            "version": "==20.2.1"
        },
        "catalogue": {
            "hashes": [
                "sha256:584d78e7f4c3c6e2fd498eb56dfc8ef1f4ff738480237de2ccd26cbe2cf47172",
                "sha256:d74d1d856c6b36a37bf14aa6dbbc27d0582667b7ab979a6108e61a575e8723f5"
            ],
            "version": "==1.0.0"
        },
        "certifi": {
            "hashes": [
                "sha256:1a4995114262bffbc2413b159f2a1a480c969de6e6eb13ee966d470af86af59c",
                "sha256:719a74fb9e33b9bd44cc7f3a8d94bc35e4049deebe19ba7d8e108280cfd59830"
            ],
            "version": "==2020.12.5"
        },
        "chardet": {
            "hashes": [
                "sha256:0d6f53a15db4120f2b08c94f11e7d93d2c911ee118b6b30a04ec3ee8310179fa",
                "sha256:f864054d66fd9118f2e67044ac8981a54775ec5b67aed0441892edb553d21da5"
            ],
            "version": "==4.0.0"
        },
        "click": {
            "hashes": [
                "sha256:d2b5255c7c6349bc1bd1e59e08cd12acbbd63ce649f2588755783aa94dfb6b1a",
                "sha256:dacca89f4bfadd5de3d7489b7c8a566eee0d3676333fbb50030263894c38c0dc"
            ],
            "version": "==7.1.2"
        },
        "cltk": {
            "hashes": [
                "sha256:5cd600f9cf838843b381563880364352af51d911ffca05b368d6b33561a6f2f5",
                "sha256:d61e81344e81e4f7f89473b3015f061f306dd3625c16bef9f4b0b3f3817bf16d"
            ],
            "index": "pypi",
            "version": "==1.0.5"
        },
        "cymem": {
            "hashes": [
                "sha256:01d3ea159f7a3f3192b1e800ed8207dac7586794d903a153198b9ea317f144bc",
                "sha256:190e15d9cf2c3bde60ae37bddbae6568a36044dc4a326d84081a5fa08818eee0",
                "sha256:1f0eb9b3d03623dcfc746cf8bff0663b0e347f4aea759965c8932087a0307ee9",
                "sha256:3d48902d7441645835fefc7832df49feb5362c7300d182475b63a01d25ae44ef",
                "sha256:4bd023c2477198b39b660c2a6b0242880649765ecee8461688a57fd4afd2bfc0",
                "sha256:734d82d0d03c2ceb929bc1744c04dbe0a105e68a4947c8406056a36f86c41830",
                "sha256:8ea57e6923f40eb51012352161bb5707c14a5a5ce901ff72021e59df06221655",
                "sha256:9d72d69f7a62a280199c3aa7bc550685c47d6d0689b2d299e6492253b86d2437",
                "sha256:a440d63577fcdc9c528c9cc026b7b4f8648193bac462bc0596c9eac10f9fba62",
                "sha256:ce1e81c1d031f56b67bac2136e73b4512cbc794706cd570178972d54ba6115d8",
                "sha256:d19f68b90411e02ab33b1654118337f96f41c13a3cd00c4f44f7abed2bc712e7",
                "sha256:d307f7f6230d861a938837cae4b855226b6845a21c010242a15e9ce6853856cd",
                "sha256:f2167c9959fcd639b95d51fa5efaa7c61eef8d686cb75a25412a914f428ce980"
            ],
            "version": "==2.0.5"
        },
        "fasttext": {
            "hashes": [
                "sha256:665556f1f6dcb4fcbe25fa8ebcd4f71b18fa96a090de09d88d97a60cbd29dcb5"
            ],
            "version": "==0.9.2"
        },
        "gensim": {
            "hashes": [
                "sha256:05bfc02e102a34c9c795095b688b1b4aaa2529c624821368c9c3ea6a16536f77",
                "sha256:1e3d66c2eec494376fc599701d9c2868549aed6e93e47177e39217f0188e2d88",
                "sha256:22f45fd239cacd0e3715ac447a2c8a5eea02e730ec1f701c55b359e9298e63a8",
                "sha256:3af62709369331c85552fd26caa21504baa64accc426dc094172f5c688750013",
                "sha256:41dcf6ecdc9acc657157967c791b8cbaba90ee6391f64efd28339b72f5e0c327",
                "sha256:440700e29b494bc2e1d52e14b69a821f46ab09ecf85cf36c8988f18e1d6c7a8b",
                "sha256:4e34cf2e50f3eab3e303da46089ea4972567bf216e28f7535ada155770784ac8",
                "sha256:61eed1d6b5fbe6dda0586ea447ebc2dc7890a7f70c2ed953d5abc3fe3cfb94bb",
                "sha256:637fc5969f3cef4b7c8fd3e78e31ef09565c5566d5ceabf076b4170eb6444a80",
                "sha256:6711b6d3a0007530ee7de7adc30a4c48a1d26ec6312ac50e1d1e0a1d54f9de5b",
                "sha256:685a7657278161628821c8f873c5d7d2ffc0c28866648e39f76b450e4c7d5390",
                "sha256:7629b33cf35f672efdd5269381f7e301958ee2638f27dfc63b80c5bfeaa827d3",
                "sha256:786adb0571f75114e9c5f7a31dd2e6eb39a9791f22c8757621545e2ded3ea367",
                "sha256:7a90549dfc8ee3822fcad6da957de07d927e4e90ef42b3699543dee35ab2da13",
                "sha256:8ff471921b3b10ffb3ae6cbb598dd9c07d9dc030dee5aa167e7682b549c42f87",
                "sha256:90115d12ee545c21cc75521ef1bb3dd66aae8a378e9c2eb029c9f22df173c125",
                "sha256:91fa62d61b21f1878f140b10520f9de4a26a52672fbe407edfc7e09ca2eff235",
                "sha256:9c214b341f5304b906c79844e2787c13b46505df9dc70afca79a9a7dc0894478",
                "sha256:a47903d104469a7a8b6f22ad5ef74681b19c4f4b71ff2c2893271b53161a43e4",
                "sha256:a61179df454a0d4b06a111c4ede0536f61c8121b4c0d0d02d23560a2fd4b3aff",
                "sha256:a8807ebf324dd11e1298a91a92d6e57c7bdabb91d0d5240bf1efa0c0eacd86f0",
                "sha256:b36e6330471061cfd78aad751e24c6b4f56d575697af0fbab42655128927d296",
                "sha256:b61a7c841a752c84b685674aa0d610289faad38795b325176481abe19b487e98",
                "sha256:cc387d0d8bddbf3609ab95b3453296e4c9ff92c35e9799a17d86b1571d77a5fc",
                "sha256:d79370f78e9013b9d1e867c85ecc678d46a7ae0f01a8ca29e8f4291e5373b170",
                "sha256:ef2ddeceff482aee17c1e185f63bf027c8de8f595fdd9fd2d2503de96008f3b7",
                "sha256:f8ea67bf8c47ee55cb1b32c97fa1474b7d6d22959dd8097c019a5d9c9df34f5f",
                "sha256:fe98277a7b3b4987b40c928056bbaae1d0715022cf27bba89d05cd0d4fe51a84"
            ],
            "version": "==3.8.3"
        },
        "gitdb": {
            "hashes": [
                "sha256:91f36bfb1ab7949b3b40e23736db18231bf7593edada2ba5c3a174a7b23657ac",
                "sha256:c9e1f2d0db7ddb9a704c2a0217be31214e91a4fe1dea1efad19ae42ba0c285c9"
            ],
            "version": "==4.0.5"
        },
        "gitpython": {
            "hashes": [
                "sha256:3283ae2fba31c913d857e12e5ba5f9a7772bbc064ae2bb09efafa71b0dd4939b",
                "sha256:be27633e7509e58391f10207cd32b2a6cf5b908f92d9cd30da2e514e1137af61"
            ],
            "version": "==3.1.14"
        },
        "greek-accentuation": {
            "hashes": [
                "sha256:9761d95ddaa52ee6efcb66d68616556063291740d754a4c315e864706179c5d9",
                "sha256:d778afe55c64253938710715b5f0d648ec3361deaef136648d616d671989f841"
            ],
            "index": "pypi",
            "version": "==1.2.0"
        },
        "idna": {
            "hashes": [
                "sha256:b307872f855b18632ce0c21c5e45be78c0ea7ae4c15c828c20788b26921eb3f6",
                "sha256:b97d804b1e9b523befed77c48dacec60e6dcb0b5391d57af6a65a312a90648c0"
            ],
            "version": "==2.10"
        },
        "joblib": {
            "hashes": [
                "sha256:9c17567692206d2f3fb9ecf5e991084254fe631665c450b443761c4186a613f7",
                "sha256:feeb1ec69c4d45129954f1b7034954241eedfd6ba39b5e9e4b6883be3332d5e5"
            ],
            "version": "==1.0.1"
        },
        "murmurhash": {
            "hashes": [
                "sha256:023391cfefe584ac544c1ea0936976c0119b17dd27bb8280652cef1704f76428",
                "sha256:23c56182822a1ed88e2a098ac56958dfec380696a9a943df203b9b41e4bcf5e4",
                "sha256:76251513a2acad6c2e4b7aeffc5fcb807ee97a66cad5c2990557556555a6b7e9",
                "sha256:81474a45c4074637a6dfc8fea4cdebf091ab5aa781c2cfcb94c43b16030badd7",
                "sha256:8381172e03c5f6f947005fb146a53c5e5a9e0d630be4a40cbf8838e9324bfe1c",
                "sha256:892749023da26420d194f37bfa30df1368aaac0149cfa3b2105db36b66549e37",
                "sha256:98ec9d727bd998a35385abd56b062cf0cca216725ea7ec5068604ab566f7e97f",
                "sha256:99e55488476a5f70e8d305fd31258f140e52f724f788bcc50c31ec846a2b3766",
                "sha256:a9bd2312996e6e47605af305a1e5f091eba1bdd637cdd9986aec4885cb4c5530",
                "sha256:add366944eb8ec73013a4f36e166c5a4f0f7628ffe1746bc5fe031347489e5e8",
                "sha256:b9292c532538cf47846ca81056cfeab08b877c35fe7521d6524aa92ddcd833e2",
                "sha256:d4c3a0242014cf4c84e9ea0ba3f13b48f02a3992de3da7b1116d11b816451195",
                "sha256:d58315961dc5a5e740f41f2ac5c3a0ebc61ef472f8afeb4db7eeb3b863243105",
                "sha256:ef8819d15973e0d6f69688bafc097a1fae081675c1de39807028869a1320b1a9",
                "sha256:f00321998f0a6bad3fd068babf448a296d4b0b1f4dd424cab863ebe5ed54182f",
                "sha256:fd17973fd4554715efd8d86b3e9200358e49e437fdb92a897ca127aced48b61c",
                "sha256:fed7578fbaa6c301f27ed80834c1f7494ea7d335e269e98b9aee477cf0b3b487"
            ],
            "version": "==1.0.5"
        },
        "nltk": {
            "hashes": [
                "sha256:845365449cd8c5f9731f7cb9f8bd6fd0767553b9d53af9eb1b3abf7700936b35"
            ],
            "version": "==3.5"
        },
        "numpy": {
            "hashes": [
                "sha256:032be656d89bbf786d743fee11d01ef318b0781281241997558fa7950028dd29",
                "sha256:104f5e90b143dbf298361a99ac1af4cf59131218a045ebf4ee5990b83cff5fab",
                "sha256:125a0e10ddd99a874fd357bfa1b636cd58deb78ba4a30b5ddb09f645c3512e04",
                "sha256:12e4ba5c6420917571f1a5becc9338abbde71dd811ce40b37ba62dec7b39af6d",
                "sha256:13adf545732bb23a796914fe5f891a12bd74cf3d2986eed7b7eba2941eea1590",
                "sha256:2d7e27442599104ee08f4faed56bb87c55f8b10a5494ac2ead5c98a4b289e61f",
                "sha256:3bc63486a870294683980d76ec1e3efc786295ae00128f9ea38e2c6e74d5a60a",
                "sha256:3d3087e24e354c18fb35c454026af3ed8997cfd4997765266897c68d724e4845",
                "sha256:4ed8e96dc146e12c1c5cdd6fb9fd0757f2ba66048bf94c5126b7efebd12d0090",
                "sha256:60759ab15c94dd0e1ed88241fd4fa3312db4e91d2c8f5a2d4cf3863fad83d65b",
                "sha256:65410c7f4398a0047eea5cca9b74009ea61178efd78d1be9847fac1d6716ec1e",
                "sha256:66b467adfcf628f66ea4ac6430ded0614f5cc06ba530d09571ea404789064adc",
                "sha256:7199109fa46277be503393be9250b983f325880766f847885607d9b13848f257",
                "sha256:72251e43ac426ff98ea802a931922c79b8d7596480300eb9f1b1e45e0543571e",
                "sha256:89e5336f2bec0c726ac7e7cdae181b325a9c0ee24e604704ed830d241c5e47ff",
                "sha256:89f937b13b8dd17b0099c7c2e22066883c86ca1575a975f754babc8fbf8d69a9",
                "sha256:9c94cab5054bad82a70b2e77741271790304651d584e2cdfe2041488e753863b",
                "sha256:9eb551d122fadca7774b97db8a112b77231dcccda8e91a5bc99e79890797175e",
                "sha256:a1d7995d1023335e67fb070b2fae6f5968f5be3802b15ad6d79d81ecaa014fe0",
                "sha256:ae61f02b84a0211abb56462a3b6cd1e7ec39d466d3160eb4e1da8bf6717cdbeb",
                "sha256:b9410c0b6fed4a22554f072a86c361e417f0258838957b78bd063bde2c7f841f",
                "sha256:c26287dfc888cf1e65181f39ea75e11f42ffc4f4529e5bd19add57ad458996e2",
                "sha256:c91ec9569facd4757ade0888371eced2ecf49e7982ce5634cc2cf4e7331a4b14",
                "sha256:ecb5b74c702358cdc21268ff4c37f7466357871f53a30e6f84c686952bef16a9"
            ],
            "version": "==1.20.1"
        },
        "plac": {
            "hashes": [
                "sha256:398cb947c60c4c25e275e1f1dadf027e7096858fb260b8ece3b33bcff90d985f",
                "sha256:487e553017d419f35add346c4c09707e52fa53f7e7181ce1098ca27620e9ceee"
            ],
            "version": "==1.1.3"
        },
        "preshed": {
            "hashes": [
                "sha256:12cbe1e378b4f1c6b06f5e4130408befe916e55ea1616e6aa63c5cd0ccd9c927",
                "sha256:1bdededa7fd81f26a42bc9d11d542657c74746b7ea7fc2b2ca6d0ddbf1f93792",
                "sha256:1ce0846cb7ebb2ea913d44ec2e296098c285443ecdea80ddf02656bbef4deacb",
                "sha256:30f0c8ea85113d0565a1e3eb6222d00513ec39b56f3f9a2615e304575e65422e",
                "sha256:56b9603517bb2a364418163236d6a147a1d722ff7546cbe085e76e25ae118e89",
                "sha256:572899224578d30f6a67fadecb3d62b824866b4d2b6bad73f71abf7585db1389",
                "sha256:5e06a49477bd257eea02bf823b5d3e201d00a19d6976523a58da8606b2358481",
                "sha256:67c11e384ce4c008bc487ba3a29bafdfe038b9a2546ccfe0fe2160480b356fed",
                "sha256:6e833f1632a1d0232bdc6df6c3542fb130ef044d8656b24576d9fd19e5f1e0d1",
                "sha256:6f126bcc414a0304b54956f9dac2628a0f9bef1657d1b3a3837fc82b791aa2a1",
                "sha256:85074eebf90a858a6b68242f1ae265ca99e1af45bf9dafcb9a83d49b0815a2e1",
                "sha256:8a3adffde3126c2a0ab7d57cab1d605cb5f63da1ba88088ad3cf8debfd9aa4dc",
                "sha256:8a560850b8c53c1487ba51c2b0f5769535512b36d3b129ad5796b64653abe2f9",
                "sha256:9ebf444f8487782c84d7b5acb1d7195e603155882fafc4697344199eeeafbe5f",
                "sha256:c6d3dba39ed5059aaf99767017b9568c75b2d0780c3481e204b1daecde00360e",
                "sha256:ca4a7681b643b8356e7dfdab9cf668b2b34bd07ef4b09ebed44c8aeb3b1626ee",
                "sha256:fb4d2e82add82d63b2c97802b759a58ff200d06b632e2edc48a9ced1e6472faf"
            ],
            "version": "==3.0.5"
        },
        "protobuf": {
            "hashes": [
                "sha256:119b4d308c87e833b6265b3922d5f5927e9d804605fcb1c1f771aa4d17e03591",
                "sha256:282385b8dd168b0f71f2ffca74c1fb39377f42217830ab492a0b64cbe14f86c1",
                "sha256:2d4cede5f2f2514df4a1eda1424a14d46daa5ea57963a1ea0fdab8d74ca2f9cd",
                "sha256:5d52d89e26adf0ba65193b6be39025c7766740ccc57fe9d10ddb709220b360d9",
                "sha256:6bb44c15c98091e926a98362bff7fb24338bdf4001a6614834b8414c3b8593ee",
                "sha256:762f6b9fb8025db34f762a860fd2b1473dfc84bcd0c3e4f396a695c83d733729",
                "sha256:8090b77f0791560b3c01263f6222006fe4c1d1d526539344afc4ecd9bd3e56f2",
                "sha256:87b5bc2ff944810a918628fc1f45f766acab23e1fecb0634fcf86cda554b30c4",
                "sha256:9133b39924485ae43c02fc8274e57e5aa1706ad0970de49c72cfb8c0854d5f89",
                "sha256:9f4445f197f779cd5b37c9d5d4aeb0d1999c1df7d143a9bce21d03dac8dba205",
                "sha256:a390e4bbb8232945fc8e4493c8b70949423a6dacee6f0353021b59c40b039e25",
                "sha256:ab735b3a4342004afa60ff580ce2be0f2aa784f1f69ee7f08a23ef26d22d811d",
                "sha256:ac7c7a2b271307787ccdc0a45278827f36f72aba5040eadefff129b869068797",
                "sha256:be8a929c6178bb6cbe9e2c858be62fa08966a39ae758a8493a88f0ed1efb6097",
                "sha256:c5b37b117ef89431149883d9b867c341a01f835142864722534885dcc1db6b1b",
                "sha256:d1aab4d0aed36f7873734a243b46786d407cfa1010fae886249db56a1493a057",
                "sha256:d26ed8dbdbe6b62cd24173c9ceb7588ae7831eec172ac002b095af091db01196",
                "sha256:dbb98adb4281684eb54ce1f003b574bbc5768b9f614d7faa2c56f30e18519ec7",
                "sha256:dc7191b2e3361fdf2979e78a120a3a40e9d811318f6b2629036f53d9cb041c09",
                "sha256:f75aa0483fec2e4208bd4be18da0e3d7161dc74c65b6d6108f5968a8fe53a8ce"
            ],
            "version": "==3.15.5"
        },
        "pybind11": {
            "hashes": [
                "sha256:2d8aebe1709bc367e34e3b23d8eccbf3f387ee9d5640548c6260d33b59f02405",
                "sha256:d0e0aed9279656f21501243b707eb6e3b951e89e10c3271dedf3ae41c365e5ed"
            ],
            "version": "==2.6.2"
        },
        "python-levenshtein": {
            "hashes": [
                "sha256:dc2395fbd148a1ab31090dd113c366695934b9e85fe5a4b2a032745efd0346f6"
            ],
            "version": "==0.12.2"
        },
        "regex": {
            "hashes": [
                "sha256:02951b7dacb123d8ea6da44fe45ddd084aa6777d4b2454fa0da61d569c6fa538",
                "sha256:0d08e71e70c0237883d0bef12cad5145b84c3705e9c6a588b2a9c7080e5af2a4",
                "sha256:1862a9d9194fae76a7aaf0150d5f2a8ec1da89e8b55890b1786b8f88a0f619dc",
                "sha256:1ab79fcb02b930de09c76d024d279686ec5d532eb814fd0ed1e0051eb8bd2daa",
                "sha256:1fa7ee9c2a0e30405e21031d07d7ba8617bc590d391adfc2b7f1e8b99f46f444",
                "sha256:262c6825b309e6485ec2493ffc7e62a13cf13fb2a8b6d212f72bd53ad34118f1",
                "sha256:2a11a3e90bd9901d70a5b31d7dd85114755a581a5da3fc996abfefa48aee78af",
                "sha256:2c99e97d388cd0a8d30f7c514d67887d8021541b875baf09791a3baad48bb4f8",
                "sha256:3128e30d83f2e70b0bed9b2a34e92707d0877e460b402faca908c6667092ada9",
                "sha256:38c8fd190db64f513fe4e1baa59fed086ae71fa45083b6936b52d34df8f86a88",
                "sha256:3bddc701bdd1efa0d5264d2649588cbfda549b2899dc8d50417e47a82e1387ba",
                "sha256:4902e6aa086cbb224241adbc2f06235927d5cdacffb2425c73e6570e8d862364",
                "sha256:49cae022fa13f09be91b2c880e58e14b6da5d10639ed45ca69b85faf039f7a4e",
                "sha256:56e01daca75eae420bce184edd8bb341c8eebb19dd3bce7266332258f9fb9dd7",
                "sha256:5862975b45d451b6db51c2e654990c1820523a5b07100fc6903e9c86575202a0",
                "sha256:6a8ce43923c518c24a2579fda49f093f1397dad5d18346211e46f134fc624e31",
                "sha256:6c54ce4b5d61a7129bad5c5dc279e222afd00e721bf92f9ef09e4fae28755683",
                "sha256:6e4b08c6f8daca7d8f07c8d24e4331ae7953333dbd09c648ed6ebd24db5a10ee",
                "sha256:717881211f46de3ab130b58ec0908267961fadc06e44f974466d1887f865bd5b",
                "sha256:749078d1eb89484db5f34b4012092ad14b327944ee7f1c4f74d6279a6e4d1884",
                "sha256:7913bd25f4ab274ba37bc97ad0e21c31004224ccb02765ad984eef43e04acc6c",
                "sha256:7a25fcbeae08f96a754b45bdc050e1fb94b95cab046bf56b016c25e9ab127b3e",
                "sha256:83d6b356e116ca119db8e7c6fc2983289d87b27b3fac238cfe5dca529d884562",
                "sha256:8b882a78c320478b12ff024e81dc7d43c1462aa4a3341c754ee65d857a521f85",
                "sha256:8f6a2229e8ad946e36815f2a03386bb8353d4bde368fdf8ca5f0cb97264d3b5c",
                "sha256:9801c4c1d9ae6a70aeb2128e5b4b68c45d4f0af0d1535500884d644fa9b768c6",
                "sha256:a15f64ae3a027b64496a71ab1f722355e570c3fac5ba2801cafce846bf5af01d",
                "sha256:a3d748383762e56337c39ab35c6ed4deb88df5326f97a38946ddd19028ecce6b",
                "sha256:a63f1a07932c9686d2d416fb295ec2c01ab246e89b4d58e5fa468089cab44b70",
                "sha256:b2b1a5ddae3677d89b686e5c625fc5547c6e492bd755b520de5332773a8af06b",
                "sha256:b2f4007bff007c96a173e24dcda236e5e83bde4358a557f9ccf5e014439eae4b",
                "sha256:baf378ba6151f6e272824b86a774326f692bc2ef4cc5ce8d5bc76e38c813a55f",
                "sha256:bafb01b4688833e099d79e7efd23f99172f501a15c44f21ea2118681473fdba0",
                "sha256:bba349276b126947b014e50ab3316c027cac1495992f10e5682dc677b3dfa0c5",
                "sha256:c084582d4215593f2f1d28b65d2a2f3aceff8342aa85afd7be23a9cad74a0de5",
                "sha256:d1ebb090a426db66dd80df8ca85adc4abfcbad8a7c2e9a5ec7513ede522e0a8f",
                "sha256:d2d8ce12b7c12c87e41123997ebaf1a5767a5be3ec545f64675388970f415e2e",
                "sha256:e32f5f3d1b1c663af7f9c4c1e72e6ffe9a78c03a31e149259f531e0fed826512",
                "sha256:e3faaf10a0d1e8e23a9b51d1900b72e1635c2d5b0e1bea1c18022486a8e2e52d",
                "sha256:f7d29a6fc4760300f86ae329e3b6ca28ea9c20823df123a2ea8693e967b29917",
                "sha256:f8f295db00ef5f8bae530fc39af0b40486ca6068733fb860b42115052206466f"
            ],
            "version": "==2020.11.13"
        },
        "requests": {
            "hashes": [
                "sha256:27973dd4a904a4f13b263a19c866c13b92a39ed1c964655f025f3f8d3d75b804",
                "sha256:c210084e36a42ae6b9219e00e48287def368a26d03a048ddad7bfee44f75871e"
            ],
            "version": "==2.25.1"
        },
        "scipy": {
            "hashes": [
                "sha256:0c8a51d33556bf70367452d4d601d1742c0e806cd0194785914daf19775f0e67",
                "sha256:0e5b0ccf63155d90da576edd2768b66fb276446c371b73841e3503be1d63fb5d",
                "sha256:2481efbb3740977e3c831edfd0bd9867be26387cacf24eb5e366a6a374d3d00d",
                "sha256:33d6b7df40d197bdd3049d64e8e680227151673465e5d85723b3b8f6b15a6ced",
                "sha256:5da5471aed911fe7e52b86bf9ea32fb55ae93e2f0fac66c32e58897cfb02fa07",
                "sha256:5f331eeed0297232d2e6eea51b54e8278ed8bb10b099f69c44e2558c090d06bf",
                "sha256:5fa9c6530b1661f1370bcd332a1e62ca7881785cc0f80c0d559b636567fab63c",
                "sha256:6725e3fbb47da428794f243864f2297462e9ee448297c93ed1dcbc44335feb78",
                "sha256:68cb4c424112cd4be886b4d979c5497fba190714085f46b8ae67a5e4416c32b4",
                "sha256:794e768cc5f779736593046c9714e0f3a5940bc6dcc1dba885ad64cbfb28e9f0",
                "sha256:83bf7c16245c15bc58ee76c5418e46ea1811edcc2e2b03041b804e46084ab627",
                "sha256:8e403a337749ed40af60e537cc4d4c03febddcc56cd26e774c9b1b600a70d3e4",
                "sha256:a15a1f3fc0abff33e792d6049161b7795909b40b97c6cc2934ed54384017ab76",
                "sha256:a423533c55fec61456dedee7b6ee7dce0bb6bfa395424ea374d25afa262be261",
                "sha256:a5193a098ae9f29af283dcf0041f762601faf2e595c0db1da929875b7570353f",
                "sha256:bd50daf727f7c195e26f27467c85ce653d41df4358a25b32434a50d8870fc519",
                "sha256:c4fceb864890b6168e79b0e714c585dbe2fd4222768ee90bc1aa0f8218691b11",
                "sha256:e79570979ccdc3d165456dd62041d9556fb9733b86b4b6d818af7a0afc15f092",
                "sha256:f46dd15335e8a320b0fb4685f58b7471702234cba8bb3442b69a3e1dc329c345"
            ],
            "version": "==1.6.1"
        },
        "six": {
            "hashes": [
                "sha256:30639c035cdb23534cd4aa2dd52c3bf48f06e5f4a941509c8bafd8ce11080259",
                "sha256:8b74bedcbbbaca38ff6d7491d76f2b06b3592611af620f8426e82dddb04a5ced"
            ],
            "version": "==1.15.0"
        },
        "smart-open": {
            "hashes": [
                "sha256:d9f5a0f173ccb9bbae528db5a3804f57145815774f77ef755b9b0f3b4b2a9dcb"
            ],
            "version": "==4.2.0"
        },
        "smmap": {
            "hashes": [
                "sha256:7bfcf367828031dc893530a29cb35eb8c8f2d7c8f2d0989354d75d24c8573714",
                "sha256:84c2751ef3072d4f6b2785ec7ee40244c6f45eb934d9e543e2c51f1bd3d54c50"
            ],
            "version": "==3.0.5"
        },
        "spacy": {
            "hashes": [
                "sha256:118a92582b1054b5de7bc5ed763f47ee89388847ede1e0597c6df4b509643e14",
                "sha256:14bb12de0d03beb2d8309f194154db70fb364a0fae727e864c2b0228bf3438d8",
                "sha256:315278ab60094643baecd866017c7d4cbd966efd2d517ad0e6c888edf7fa5aef",
                "sha256:3e9496f5ea3d08f2b9fc3e326c2c8cc7886df0db982a41dca2521d3f22ca043e",
                "sha256:45497775e986d2790c7ee3625c565e3ef7e9ffa607d50230aa3382dd6d9b26e7",
                "sha256:49f7818bd8a597887013fdaaea3263d8b6e99ca64db0933c32f0896158898209",
                "sha256:4b7c0c8ab94c6433f08633fef415a054d1f3345b205bcb064578c79f35192917",
                "sha256:4e2e79ab7c2af2af8a91913d6d096dd2e6a5a422142cfb35b30c574f776b9fd7",
                "sha256:c7b3d7928d047e5abcd591f8cf6a1c508da16423d371b8a21332101cab46ff7c",
                "sha256:cecb9987a875620d0f185ff07dd04cd64d5097de48689e506256a27a46a644a1",
                "sha256:ec9eebfae2a35e464d1c35aa2109422765967ba5b10fa9f11da8873801d2241a",
                "sha256:f153d8aa6104694389ef85c578ac1a3900b142f108248c7b9f5790d010fbe4ee",
                "sha256:faa728e56f7b8fe0a70c4bedc42611da23de86b783f6ad588a92c115f427b90c"
            ],
            "version": "==2.3.5"
        },
        "srsly": {
            "hashes": [
                "sha256:11447f8e659e1f62f29302252fb057f179031457b36c83426027182f624fe565",
                "sha256:23c7205b8c1cac49a03521bee37f0afe3680d9f0ec18c75ab3ac39bd3e15272b",
                "sha256:2615b8713dfe793ca57925076b0869385d56754816b1eaee5490a6827a1cb5c7",
                "sha256:334f29435099e644a8047b63d60b8386a98b5f7b4739f7efc86b46ca0200aa0e",
                "sha256:4c43a1f28e555891a1e65650adea2c5d0f0fe4b3d63821de65c8357f32c3a11c",
                "sha256:779ebfaa3cf1d5c0f1286ac1baf06af5f2a17bb103622992c71acc6ac20b2781",
                "sha256:8fc4c0641537262e15c7b5b57edc47487b15ac47b696adcb81e0a770ef78e8f5",
                "sha256:a1449da4195e30a3bd1fd3122e5b1a0c57703843c590643555c412fc87132aa0",
                "sha256:a2746afccfd4f51f0793cccc2b6d5e8a564c962870feec5c77408244c1dbb3c5",
                "sha256:a696e9c925e91f76ec53840c55483a4fbf76cb717424410a4f249d4805439038",
                "sha256:b5b887328ac6e210842560fcf32a29c2a9c1ed38c6d47479cadc03d81940da8c",
                "sha256:d3dd796372367c71946d0cd6f734e49db3d99dd13a57bdac937d9eb62689fc9e",
                "sha256:fd5e1e01f5fd0f532a6f3977bb74facc42f1b7155402ee3d06c07a73e83e3c47"
            ],
            "version": "==1.0.5"
        },
        "stanza": {
            "hashes": [
                "sha256:102a12eb8a9ec1dda38522d9a158699efee082144a0fe65eb73199f63bce514a",
                "sha256:f4693e845a92663864b8851ff47d405ab86a555c48bd12610c78136cb8e3ab96"
            ],
            "version": "==1.2"
        },
        "stringcase": {
            "hashes": [
                "sha256:48a06980661908efe8d9d34eab2b6c13aefa2163b3ced26972902e3bdfd87008"
            ],
            "version": "==1.2.0"
        },
        "thinc": {
            "hashes": [
                "sha256:02b71ae5a0fa906a0aca968bd65589e0ab9fabd511e57be839774228b1509224",
                "sha256:10bafe5ddce698180098345b9c55f762dc3456558be844d35d64175e511581b6",
                "sha256:24086aa0fb72f466782115d529574a825c89afa62eb817962b9339f61ab50e0d",
                "sha256:29a47ad0289dda0520b5af8538b30e8134553130200b83c34311feb71739968d",
                "sha256:309ec4cae81f4de2e4e4fbd0bcb52b10bef4b1a6352c6a9143f6a53d3b1060ef",
                "sha256:5743fde41706252ec6ce4737c68d3505f7e1cc3d4431174a17149838d594f8cb",
                "sha256:5774007b5c52501cab5e2970cadca84923b4c420fff06172f2d0c86531973ce8",
                "sha256:8b647de79fe5f98cd327983bf0e27d006b48ad9694ceabdb9a3832b614ed1618",
                "sha256:c408ab24b24e6368ce4b6ddebb579118042a22d3f2f2c4e19ca67e3eadc9ed33",
                "sha256:c43ed753aa70bc619e42e168be4926c8a47799af6121ff0727ba99b330afbb44",
                "sha256:cce68c5ea54cd32cef661858363509afdedad047027e8cdf0dc4edec0c2cc010",
                "sha256:d01ab1480d37ebefcac22d63ffe01916c9f025ae3dbdbe5824ac3ea5cce8e3fd",
                "sha256:fae320de65af70786c1526ffc33b88f2da650d3106f5f9a06b37f0ac3944a44f"
            ],
            "version": "==7.4.5"
        },
        "torch": {
            "hashes": [
                "sha256:05b114cb793816cd140794d5874f463972cb639f3b55d3a060f21fd066f5b629",
                "sha256:08aff0383e868f1e9882b732bbe6934defab690ad1745a03d5f1a150a4e1aeba",
                "sha256:1b58f70c150e066bcd7401a3bdfad661a04244817a5dac9990b5367523887d3f",
                "sha256:229a8dc38059ef6c7171f3f4f49c51e8a3d9644ce6c32dcddd9f1bac888a78aa",
                "sha256:2318fac860ae73dc6486c0de2223674d9ef6139fc75f157af2bf8dce4fca5524",
                "sha256:287a7677df844bf2c4425698fd6d9434065211219cd7fd96000ed981c4d92288",
                "sha256:394a99d777e487e773e0172cb0a0bce5b411e3090d89844e8dd55618be9bc970",
                "sha256:6ecdbd4494b4bf2d31a24ddfbdff32bd995389bc8662a454bd40d3e8ce202907",
                "sha256:7438431e03af793979cb1a9b5dd9f399b38461748e9f21f60e36149ee215d751",
                "sha256:78b84115fd03f4587382a38b0da98cdd1827117806c80ebf97843a64213816cc",
                "sha256:86f13f324fd87870bd0d37864f4f5814dc27f9e7ed9ea222f1cc7d7dc01a8ffe",
                "sha256:923856c2e6e53d5a747d83ff40faadd791d27cea2fd881b8d6990ea269f47572",
                "sha256:affef9bce6eed232308dd89d55d3a37a105f35460f4705375980d27154c51e24",
                "sha256:b9d6c8c457b90b5167f3ab0bd1ff7193a06935533176bc6d41e1763d353e9740",
                "sha256:c87c7b0fd31c331968674cb73e82396a622b06a8e20425584922b767f2ffb259",
                "sha256:d98d167994d2e30df61a98eaca1684c50761f096d7f76c0c99789ac8cea50b55",
                "sha256:fa1e391cca3937d5dea31f31a1a80a01bd4a8062c039448c254bbf5a58eb0787"
            ],
            "version": "==1.8.0"
        },
        "tqdm": {
            "hashes": [
                "sha256:9fdf349068d047d4cfbe24862c425883af1db29bcddf4b0eeb2524f6fbdb23c7",
                "sha256:d666ae29164da3e517fcf125e41d4fe96e5bb375cd87ff9763f6b38b5592fe33"
            ],
            "version": "==4.59.0"
        },
        "typing-extensions": {
            "hashes": [
                "sha256:7cb407020f00f7bfc3cb3e7881628838e69d8f3fcab2f64742a5e76b2f841918",
                "sha256:99d4073b617d30288f569d3f13d2bd7548c3a7e4c8de87db09a9d29bb3a4a60c",
                "sha256:dafc7639cde7f1b6e1acc0f457842a83e722ccca8eef5270af2d74792619a89f"
            ],
            "version": "==3.7.4.3"
        },
        "urllib3": {
            "hashes": [
                "sha256:1b465e494e3e0d8939b50680403e3aedaa2bc434b7d5af64dfd3c958d7f5ae80",
                "sha256:de3eedaad74a2683334e282005cd8d7f22f4d55fa690a2a1020a416cb0a47e73"
            ],
            "version": "==1.26.3"
        },
        "wasabi": {
            "hashes": [
                "sha256:a493e09d86109ec6d9e70d040472f9facc44634d4ae6327182f94091ca73a490",
                "sha256:b4a36aaa9ca3a151f0c558f269d442afbb3526f0160fd541acd8a0d5e5712054"
            ],
            "version": "==0.8.2"
        }
    },
    "develop": {}
}
